
Microsoft Visual Studio Solution File, Format Version 12.00
# Visual Studio Version 17
VisualStudioVersion = 17.0.31912.275
MinimumVisualStudioVersion = 10.0.40219.1
Project("{9A19103F-16F7-4668-BE54-9A1E7A4F7556}") = "ManageYourSelf", "ManageYourSelf\ManageYourSelf.csproj", "{0B0F271C-A920-47E1-8C8C-34C83DD6D83B}"
EndProject
Project("{FAE04EC0-301F-11D3-BF4B-00C04F79EFBC}") = "Domains", "Domains\Domains.csproj", "{05257EB6-D54D-4B76-B296-FD3F3A297A26}"
EndProject
Project("{FAE04EC0-301F-11D3-BF4B-00C04F79EFBC}") = "ApplicationLayer", "ApplicationLayer\ApplicationLayer.csproj", "{4816AF28-1EC3-4154-87D8-3550BCEA8738}"
EndProject
Project("{FAE04EC0-301F-11D3-BF4B-00C04F79EFBC}") = "Infrastructure", "Infrastructure\Infrastructure.csproj", "{2B350743-AB8E-4C31-BDC5-C6E70B043C17}"
EndProject
Global
	GlobalSection(SolutionConfigurationPlatforms) = preSolution
		Debug|Any CPU = Debug|Any CPU
		Release|Any CPU = Release|Any CPU
	EndGlobalSection
	GlobalSection(ProjectConfigurationPlatforms) = postSolution
		{0B0F271C-A920-47E1-8C8C-34C83DD6D83B}.Debug|Any CPU.ActiveCfg = Debug|Any CPU
		{0B0F271C-A920-47E1-8C8C-34C83DD6D83B}.Debug|Any CPU.Build.0 = Debug|Any CPU
		{0B0F271C-A920-47E1-8C8C-34C83DD6D83B}.Release|Any CPU.ActiveCfg = Release|Any CPU
		{0B0F271C-A920-47E1-8C8C-34C83DD6D83B}.Release|Any CPU.Build.0 = Release|Any CPU
		{05257EB6-D54D-4B76-B296-FD3F3A297A26}.Debug|Any CPU.ActiveCfg = Debug|Any CPU
		{05257EB6-D54D-4B76-B296-FD3F3A297A26}.Debug|Any CPU.Build.0 = Debug|Any CPU
		{05257EB6-D54D-4B76-B296-FD3F3A297A26}.Release|Any CPU.ActiveCfg = Release|Any CPU
		{05257EB6-D54D-4B76-B296-FD3F3A297A26}.Release|Any CPU.Build.0 = Release|Any CPU
		{4816AF28-1EC3-4154-87D8-3550BCEA8738}.Debug|Any CPU.ActiveCfg = Debug|Any CPU
		{4816AF28-1EC3-4154-87D8-3550BCEA8738}.Debug|Any CPU.Build.0 = Debug|Any CPU
		{4816AF28-1EC3-4154-87D8-3550BCEA8738}.Release|Any CPU.ActiveCfg = Release|Any CPU
		{4816AF28-1EC3-4154-87D8-3550BCEA8738}.Release|Any CPU.Build.0 = Release|Any CPU
		{2B350743-AB8E-4C31-BDC5-C6E70B043C17}.Debug|Any CPU.ActiveCfg = Debug|Any CPU
		{2B350743-AB8E-4C31-BDC5-C6E70B043C17}.Debug|Any CPU.Build.0 = Debug|Any CPU
		{2B350743-AB8E-4C31-BDC5-C6E70B043C17}.Release|Any CPU.ActiveCfg = Release|Any CPU
		{2B350743-AB8E-4C31-BDC5-C6E70B043C17}.Release|Any CPU.Build.0 = Release|Any CPU
	EndGlobalSection
	GlobalSection(SolutionProperties) = preSolution
		HideSolutionNode = FALSE
	EndGlobalSection
	GlobalSection(ExtensibilityGlobals) = postSolution
		SolutionGuid = {03600C18-CA9E-47C6-9BFD-3F69B8822E84}
	EndGlobalSection
EndGlobal
